
Microsoft Visual Studio Solution File, Format Version 12.00
# Visual Studio Version 16
VisualStudioVersion = 16.0.30621.155
MinimumVisualStudioVersion = 10.0.40219.1
Project("{9A19103F-16F7-4668-BE54-9A1E7A4F7556}") = "TodoApp.Models", "TodoApp.Models\TodoApp.Models.csproj", "{D4EFE769-7632-4807-B5B3-F3E8F9F0C146}"
EndProject
Project("{2150E333-8FDC-42A3-9474-1A3956D46DE8}") = "UI", "UI", "{62358A42-D711-4D2A-97F7-107F587C59B9}"
EndProject
Project("{9A19103F-16F7-4668-BE54-9A1E7A4F7556}") = "TodoApp.ConsoleApp", "TodoApp.ConsoleApp\TodoApp.ConsoleApp.csproj", "{23886141-3F00-4F80-BD41-689E8969C20F}"
EndProject
Project("{9A19103F-16F7-4668-BE54-9A1E7A4F7556}") = "TodoApp.ConsoleAppFile", "TodoApp.ConsoleAppFile\TodoApp.ConsoleAppFile.csproj", "{3C1EA82C-D7ED-42F0-AE02-2FFF26B39DFD}"
EndProject
Project("{9A19103F-16F7-4668-BE54-9A1E7A4F7556}") = "TodoApp.WindowsFormsApp", "TodoApp.WindowsFormsApp\TodoApp.WindowsFormsApp.csproj", "{80F9CA4C-1E03-480F-97EB-59ECABD4493B}"
EndProject
Project("{2150E333-8FDC-42A3-9474-1A3956D46DE8}") = "API", "API", "{CCC64D9B-0BF8-4ACA-8AF6-76E5ED8BD3EF}"
EndProject
Project("{9A19103F-16F7-4668-BE54-9A1E7A4F7556}") = "TodoApp.WebApIs", "TodoApp.WebApIs\TodoApp.WebApIs.csproj", "{A05BFB49-C378-4304-8ED4-E832F73BF42C}"
EndProject
Project("{9A19103F-16F7-4668-BE54-9A1E7A4F7556}") = "TodoApp.Apis.Tests.ConsoleApp", "TodoApp.Apis.Tests.ConsoleApp\TodoApp.Apis.Tests.ConsoleApp.csproj", "{EDA04B75-A4DE-4384-9E78-F9F07B47F15C}"
EndProject
Project("{FAE04EC0-301F-11D3-BF4B-00C04F79EFBC}") = "TodoApp.WebApplication", "TodoApp.WebApplication\TodoApp.WebApplication.csproj", "{564FD05A-1FE4-497A-92FE-B0395AE849F8}"
EndProject
Project("{FAE04EC0-301F-11D3-BF4B-00C04F79EFBC}") = "TodoApp_2_WebApplication1", "TodoApp_2_WebApplication1\TodoApp_2_WebApplication1.csproj", "{B57B5AE8-5B78-41EB-83F2-392D204D6952}"
EndProject
Global
	GlobalSection(SolutionConfigurationPlatforms) = preSolution
		Debug|Any CPU = Debug|Any CPU
		Release|Any CPU = Release|Any CPU
	EndGlobalSection
	GlobalSection(ProjectConfigurationPlatforms) = postSolution
		{D4EFE769-7632-4807-B5B3-F3E8F9F0C146}.Debug|Any CPU.ActiveCfg = Debug|Any CPU
		{D4EFE769-7632-4807-B5B3-F3E8F9F0C146}.Debug|Any CPU.Build.0 = Debug|Any CPU
		{D4EFE769-7632-4807-B5B3-F3E8F9F0C146}.Release|Any CPU.ActiveCfg = Release|Any CPU
		{D4EFE769-7632-4807-B5B3-F3E8F9F0C146}.Release|Any CPU.Build.0 = Release|Any CPU
		{23886141-3F00-4F80-BD41-689E8969C20F}.Debug|Any CPU.ActiveCfg = Debug|Any CPU
		{23886141-3F00-4F80-BD41-689E8969C20F}.Debug|Any CPU.Build.0 = Debug|Any CPU
		{23886141-3F00-4F80-BD41-689E8969C20F}.Release|Any CPU.ActiveCfg = Release|Any CPU
		{23886141-3F00-4F80-BD41-689E8969C20F}.Release|Any CPU.Build.0 = Release|Any CPU
		{3C1EA82C-D7ED-42F0-AE02-2FFF26B39DFD}.Debug|Any CPU.ActiveCfg = Debug|Any CPU
		{3C1EA82C-D7ED-42F0-AE02-2FFF26B39DFD}.Debug|Any CPU.Build.0 = Debug|Any CPU
		{3C1EA82C-D7ED-42F0-AE02-2FFF26B39DFD}.Release|Any CPU.ActiveCfg = Release|Any CPU
		{3C1EA82C-D7ED-42F0-AE02-2FFF26B39DFD}.Release|Any CPU.Build.0 = Release|Any CPU
		{80F9CA4C-1E03-480F-97EB-59ECABD4493B}.Debug|Any CPU.ActiveCfg = Debug|Any CPU
		{80F9CA4C-1E03-480F-97EB-59ECABD4493B}.Debug|Any CPU.Build.0 = Debug|Any CPU
		{80F9CA4C-1E03-480F-97EB-59ECABD4493B}.Release|Any CPU.ActiveCfg = Release|Any CPU
		{80F9CA4C-1E03-480F-97EB-59ECABD4493B}.Release|Any CPU.Build.0 = Release|Any CPU
		{A05BFB49-C378-4304-8ED4-E832F73BF42C}.Debug|Any CPU.ActiveCfg = Debug|Any CPU
		{A05BFB49-C378-4304-8ED4-E832F73BF42C}.Debug|Any CPU.Build.0 = Debug|Any CPU
		{A05BFB49-C378-4304-8ED4-E832F73BF42C}.Release|Any CPU.ActiveCfg = Release|Any CPU
		{A05BFB49-C378-4304-8ED4-E832F73BF42C}.Release|Any CPU.Build.0 = Release|Any CPU
		{EDA04B75-A4DE-4384-9E78-F9F07B47F15C}.Debug|Any CPU.ActiveCfg = Debug|Any CPU
		{EDA04B75-A4DE-4384-9E78-F9F07B47F15C}.Debug|Any CPU.Build.0 = Debug|Any CPU
		{EDA04B75-A4DE-4384-9E78-F9F07B47F15C}.Release|Any CPU.ActiveCfg = Release|Any CPU
		{EDA04B75-A4DE-4384-9E78-F9F07B47F15C}.Release|Any CPU.Build.0 = Release|Any CPU
		{564FD05A-1FE4-497A-92FE-B0395AE849F8}.Debug|Any CPU.ActiveCfg = Debug|Any CPU
		{564FD05A-1FE4-497A-92FE-B0395AE849F8}.Debug|Any CPU.Build.0 = Debug|Any CPU
		{564FD05A-1FE4-497A-92FE-B0395AE849F8}.Release|Any CPU.ActiveCfg = Release|Any CPU
		{564FD05A-1FE4-497A-92FE-B0395AE849F8}.Release|Any CPU.Build.0 = Release|Any CPU
		{B57B5AE8-5B78-41EB-83F2-392D204D6952}.Debug|Any CPU.ActiveCfg = Debug|Any CPU
		{B57B5AE8-5B78-41EB-83F2-392D204D6952}.Debug|Any CPU.Build.0 = Debug|Any CPU
		{B57B5AE8-5B78-41EB-83F2-392D204D6952}.Release|Any CPU.ActiveCfg = Release|Any CPU
		{B57B5AE8-5B78-41EB-83F2-392D204D6952}.Release|Any CPU.Build.0 = Release|Any CPU
	EndGlobalSection
	GlobalSection(SolutionProperties) = preSolution
		HideSolutionNode = FALSE
	EndGlobalSection
	GlobalSection(NestedProjects) = preSolution
		{23886141-3F00-4F80-BD41-689E8969C20F} = {62358A42-D711-4D2A-97F7-107F587C59B9}
		{3C1EA82C-D7ED-42F0-AE02-2FFF26B39DFD} = {62358A42-D711-4D2A-97F7-107F587C59B9}
		{80F9CA4C-1E03-480F-97EB-59ECABD4493B} = {62358A42-D711-4D2A-97F7-107F587C59B9}
		{A05BFB49-C378-4304-8ED4-E832F73BF42C} = {CCC64D9B-0BF8-4ACA-8AF6-76E5ED8BD3EF}
		{EDA04B75-A4DE-4384-9E78-F9F07B47F15C} = {CCC64D9B-0BF8-4ACA-8AF6-76E5ED8BD3EF}
		{564FD05A-1FE4-497A-92FE-B0395AE849F8} = {62358A42-D711-4D2A-97F7-107F587C59B9}
		{B57B5AE8-5B78-41EB-83F2-392D204D6952} = {62358A42-D711-4D2A-97F7-107F587C59B9}
	EndGlobalSection
	GlobalSection(ExtensibilityGlobals) = postSolution
		SolutionGuid = {E75F5369-B1AE-4933-ABE2-A946CEAEC3B6}
	EndGlobalSection
EndGlobal
